
Microsoft Visual Studio Solution File, Format Version 11.00
# Visual Studio 2010
Project("{FAE04EC0-301F-11D3-BF4B-00C04F79EFBC}") = "Koelie", "Assembly-CSharp.csproj", "{3FCA9B0E-9682-47D9-AD4A-49B78BB84C71}"
EndProject
Project("{FAE04EC0-301F-11D3-BF4B-00C04F79EFBC}") = "Koelie", "Assembly-CSharp-Editor.csproj", "{DEA5F8F0-B6F7-FAF5-0739-F216EC0C07EE}"
EndProject
Global
	GlobalSection(SolutionConfigurationPlatforms) = preSolution
		Debug|Any CPU = Debug|Any CPU
		Release|Any CPU = Release|Any CPU
	EndGlobalSection
	GlobalSection(ProjectConfigurationPlatforms) = postSolution
		{3FCA9B0E-9682-47D9-AD4A-49B78BB84C71}.Debug|Any CPU.ActiveCfg = Debug|Any CPU
		{3FCA9B0E-9682-47D9-AD4A-49B78BB84C71}.Debug|Any CPU.Build.0 = Debug|Any CPU
		{3FCA9B0E-9682-47D9-AD4A-49B78BB84C71}.Release|Any CPU.ActiveCfg = Release|Any CPU
		{3FCA9B0E-9682-47D9-AD4A-49B78BB84C71}.Release|Any CPU.Build.0 = Release|Any CPU
		{DEA5F8F0-B6F7-FAF5-0739-F216EC0C07EE}.Debug|Any CPU.ActiveCfg = Debug|Any CPU
		{DEA5F8F0-B6F7-FAF5-0739-F216EC0C07EE}.Debug|Any CPU.Build.0 = Debug|Any CPU
		{DEA5F8F0-B6F7-FAF5-0739-F216EC0C07EE}.Release|Any CPU.ActiveCfg = Release|Any CPU
		{DEA5F8F0-B6F7-FAF5-0739-F216EC0C07EE}.Release|Any CPU.Build.0 = Release|Any CPU
	EndGlobalSection
	GlobalSection(SolutionProperties) = preSolution
		HideSolutionNode = FALSE
	EndGlobalSection
	GlobalSection(MonoDevelopProperties) = preSolution
		StartupItem = Assembly-CSharp.csproj
	EndGlobalSection
EndGlobal
